
Microsoft Visual Studio Solution File, Format Version 12.00
# Visual Studio 14
VisualStudioVersion = 14.0.25420.1
MinimumVisualStudioVersion = 10.0.40219.1
Project("{FAE04EC0-301F-11D3-BF4B-00C04F79EFBC}") = "RetailWebAPI", "RetailWebAPI\RetailWebAPI.csproj", "{F22A15EA-E47F-4978-83B3-7D151F8FA53D}"
EndProject
Project("{FAE04EC0-301F-11D3-BF4B-00C04F79EFBC}") = "RetailWebAPI.Tests", "RetailWebAPI.Tests\RetailWebAPI.Tests.csproj", "{7AF01428-0A3B-4107-90AA-C305554F9BA6}"
EndProject
Global
	GlobalSection(SolutionConfigurationPlatforms) = preSolution
		Debug|Any CPU = Debug|Any CPU
		Release|Any CPU = Release|Any CPU
	EndGlobalSection
	GlobalSection(ProjectConfigurationPlatforms) = postSolution
		{F22A15EA-E47F-4978-83B3-7D151F8FA53D}.Debug|Any CPU.ActiveCfg = Debug|Any CPU
		{F22A15EA-E47F-4978-83B3-7D151F8FA53D}.Debug|Any CPU.Build.0 = Debug|Any CPU
		{F22A15EA-E47F-4978-83B3-7D151F8FA53D}.Release|Any CPU.ActiveCfg = Release|Any CPU
		{F22A15EA-E47F-4978-83B3-7D151F8FA53D}.Release|Any CPU.Build.0 = Release|Any CPU
		{7AF01428-0A3B-4107-90AA-C305554F9BA6}.Debug|Any CPU.ActiveCfg = Debug|Any CPU
		{7AF01428-0A3B-4107-90AA-C305554F9BA6}.Debug|Any CPU.Build.0 = Debug|Any CPU
		{7AF01428-0A3B-4107-90AA-C305554F9BA6}.Release|Any CPU.ActiveCfg = Release|Any CPU
		{7AF01428-0A3B-4107-90AA-C305554F9BA6}.Release|Any CPU.Build.0 = Release|Any CPU
	EndGlobalSection
	GlobalSection(SolutionProperties) = preSolution
		HideSolutionNode = FALSE
	EndGlobalSection
EndGlobal
